{
	"name": "scradd",
	"version": "1.9.5",
	"lockfileVersion": 2,
	"requires": true,
	"packages": {
		"": {
			"name": "scradd",
			"version": "1.9.5",
			"license": "MIT",
			"dependencies": {
				"@discordjs/builders": "0.14.0",
				"discord.js": "13.8.1",
				"dotenv": "16.0.1",
				"fuse.js": "6.6.2",
				"node-fetch": "3.2.9"
			},
			"devDependencies": {
				"@redguy12/prettier-config": "1.1.1",
				"@types/node": "18.6.2",
				"nodemon": "2.0.19",
				"prettier": "2.5.1",
				"prettier-package-json": "2.6.0",
				"typescript": "4.7.4"
			},
			"engines": {
				"node": "16.13.0",
				"npm": "8.13.2"
			}
		},
		"node_modules/@babel/code-frame": {
			"version": "7.16.7",
			"dev": true,
			"license": "MIT",
			"dependencies": {
				"@babel/highlight": "^7.16.7"
			},
			"engines": {
				"node": ">=6.9.0"
			}
		},
		"node_modules/@babel/helper-validator-identifier": {
			"version": "7.16.7",
			"dev": true,
			"license": "MIT",
			"engines": {
				"node": ">=6.9.0"
			}
		},
		"node_modules/@babel/highlight": {
			"version": "7.16.10",
			"dev": true,
			"license": "MIT",
			"dependencies": {
				"@babel/helper-validator-identifier": "^7.16.7",
				"chalk": "^2.0.0",
				"js-tokens": "^4.0.0"
			},
			"engines": {
				"node": ">=6.9.0"
			}
		},
		"node_modules/@babel/highlight/node_modules/ansi-styles": {
			"version": "3.2.1",
			"dev": true,
			"license": "MIT",
			"dependencies": {
				"color-convert": "^1.9.0"
			},
			"engines": {
				"node": ">=4"
			}
		},
		"node_modules/@babel/highlight/node_modules/chalk": {
			"version": "2.4.2",
			"dev": true,
			"license": "MIT",
			"dependencies": {
				"ansi-styles": "^3.2.1",
				"escape-string-regexp": "^1.0.5",
				"supports-color": "^5.3.0"
			},
			"engines": {
				"node": ">=4"
			}
		},
		"node_modules/@babel/highlight/node_modules/color-convert": {
			"version": "1.9.3",
			"dev": true,
			"license": "MIT",
			"dependencies": {
				"color-name": "1.1.3"
			}
		},
		"node_modules/@babel/highlight/node_modules/color-name": {
			"version": "1.1.3",
			"dev": true,
			"license": "MIT"
		},
		"node_modules/@discordjs/builders": {
			"version": "0.14.0",
			"resolved": "https://registry.npmjs.org/@discordjs/builders/-/builders-0.14.0.tgz",
			"integrity": "sha512-+fqLIqa9wN3R+kvlld8sgG0nt04BAZxdCDP4t2qZ9TJsquLWA+xMtT8Waibb3d4li4AQS+IOfjiHAznv/dhHgQ==",
			"deprecated": "no longer supported",
			"dependencies": {
				"@sapphire/shapeshift": "^3.1.0",
				"@sindresorhus/is": "^4.6.0",
				"discord-api-types": "^0.33.3",
				"fast-deep-equal": "^3.1.3",
				"ts-mixer": "^6.0.1",
				"tslib": "^2.4.0"
			},
			"engines": {
				"node": ">=16.9.0"
			}
		},
		"node_modules/@discordjs/collection": {
			"version": "0.7.0",
			"resolved": "https://registry.npmjs.org/@discordjs/collection/-/collection-0.7.0.tgz",
			"integrity": "sha512-R5i8Wb8kIcBAFEPLLf7LVBQKBDYUL+ekb23sOgpkpyGT+V4P7V83wTxcsqmX+PbqHt4cEHn053uMWfRqh/Z/nA==",
			"deprecated": "no longer supported",
			"engines": {
				"node": ">=16.9.0"
			}
		},
		"node_modules/@redguy12/prettier-config": {
			"version": "1.1.1",
			"dev": true,
			"license": "MIT",
			"dependencies": {
				"prettier-plugin-ini": "0.3.1",
				"prettier-plugin-jsdoc": "0.3.30"
			},
			"peerDependencies": {
				"prettier": "2.5.1",
				"prettier-package-json": "2.6.0"
			}
		},
		"node_modules/@redguy12/prettier-config/node_modules/@types/mdast": {
			"version": "3.0.10",
			"dev": true,
			"license": "MIT",
			"dependencies": {
				"@types/unist": "*"
			}
		},
		"node_modules/@redguy12/prettier-config/node_modules/@types/unist": {
			"version": "2.0.6",
			"dev": true,
			"license": "MIT"
		},
		"node_modules/@redguy12/prettier-config/node_modules/binary-search-bounds": {
			"version": "2.0.5",
			"dev": true,
			"license": "MIT"
		},
		"node_modules/@redguy12/prettier-config/node_modules/character-entities": {
			"version": "1.2.4",
			"dev": true,
			"license": "MIT",
			"funding": {
				"type": "github",
				"url": "https://github.com/sponsors/wooorm"
			}
		},
		"node_modules/@redguy12/prettier-config/node_modules/character-entities-legacy": {
			"version": "1.1.4",
			"dev": true,
			"license": "MIT",
			"funding": {
				"type": "github",
				"url": "https://github.com/sponsors/wooorm"
			}
		},
		"node_modules/@redguy12/prettier-config/node_modules/character-reference-invalid": {
			"version": "1.1.4",
			"dev": true,
			"license": "MIT",
			"funding": {
				"type": "github",
				"url": "https://github.com/sponsors/wooorm"
			}
		},
		"node_modules/@redguy12/prettier-config/node_modules/comment-parser": {
			"version": "1.3.0",
			"dev": true,
			"license": "MIT",
			"engines": {
				"node": ">= 12.0.0"
			}
		},
		"node_modules/@redguy12/prettier-config/node_modules/is-alphabetical": {
			"version": "1.0.4",
			"dev": true,
			"license": "MIT",
			"funding": {
				"type": "github",
				"url": "https://github.com/sponsors/wooorm"
			}
		},
		"node_modules/@redguy12/prettier-config/node_modules/is-alphanumerical": {
			"version": "1.0.4",
			"dev": true,
			"license": "MIT",
			"dependencies": {
				"is-alphabetical": "^1.0.0",
				"is-decimal": "^1.0.0"
			},
			"funding": {
				"type": "github",
				"url": "https://github.com/sponsors/wooorm"
			}
		},
		"node_modules/@redguy12/prettier-config/node_modules/is-decimal": {
			"version": "1.0.4",
			"dev": true,
			"license": "MIT",
			"funding": {
				"type": "github",
				"url": "https://github.com/sponsors/wooorm"
			}
		},
		"node_modules/@redguy12/prettier-config/node_modules/is-hexadecimal": {
			"version": "1.0.4",
			"dev": true,
			"license": "MIT",
			"funding": {
				"type": "github",
				"url": "https://github.com/sponsors/wooorm"
			}
		},
		"node_modules/@redguy12/prettier-config/node_modules/linguist-languages": {
			"version": "7.15.0",
			"dev": true,
			"license": "MIT"
		},
		"node_modules/@redguy12/prettier-config/node_modules/mdast-util-from-markdown": {
			"version": "0.8.5",
			"dev": true,
			"license": "MIT",
			"dependencies": {
				"@types/mdast": "^3.0.0",
				"mdast-util-to-string": "^2.0.0",
				"micromark": "~2.11.0",
				"parse-entities": "^2.0.0",
				"unist-util-stringify-position": "^2.0.0"
			},
			"funding": {
				"type": "opencollective",
				"url": "https://opencollective.com/unified"
			}
		},
		"node_modules/@redguy12/prettier-config/node_modules/mdast-util-to-string": {
			"version": "2.0.0",
			"dev": true,
			"license": "MIT",
			"funding": {
				"type": "opencollective",
				"url": "https://opencollective.com/unified"
			}
		},
		"node_modules/@redguy12/prettier-config/node_modules/micromark": {
			"version": "2.11.4",
			"dev": true,
			"funding": [
				{
					"type": "GitHub Sponsors",
					"url": "https://github.com/sponsors/unifiedjs"
				},
				{
					"type": "OpenCollective",
					"url": "https://opencollective.com/unified"
				}
			],
			"license": "MIT",
			"dependencies": {
				"debug": "^4.0.0",
				"parse-entities": "^2.0.0"
			}
		},
		"node_modules/@redguy12/prettier-config/node_modules/parse-entities": {
			"version": "2.0.0",
			"dev": true,
			"license": "MIT",
			"dependencies": {
				"character-entities": "^1.0.0",
				"character-entities-legacy": "^1.0.0",
				"character-reference-invalid": "^1.0.0",
				"is-alphanumerical": "^1.0.0",
				"is-decimal": "^1.0.0",
				"is-hexadecimal": "^1.0.0"
			},
			"funding": {
				"type": "github",
				"url": "https://github.com/sponsors/wooorm"
			}
		},
		"node_modules/@redguy12/prettier-config/node_modules/prettier-plugin-ini": {
			"version": "0.3.1",
			"dev": true,
			"license": "MIT",
			"dependencies": {
				"prettier": ">=2.0"
			}
		},
		"node_modules/@redguy12/prettier-config/node_modules/prettier-plugin-jsdoc": {
			"version": "0.3.30",
			"dev": true,
			"license": "MIT",
			"dependencies": {
				"binary-search-bounds": "^2.0.5",
				"comment-parser": "^1.1.4",
				"linguist-languages": "^7.13.0",
				"mdast-util-from-markdown": "^0.8.5"
			},
			"engines": {
				"node": ">=12.0.0"
			},
			"peerDependencies": {
				"prettier": ">=2.1.2"
			},
			"workspaces": {
				"prettier-plugin-fake": "./prettier-plugin-fake"
			}
		},
		"node_modules/@redguy12/prettier-config/node_modules/unist-util-stringify-position": {
			"version": "2.0.3",
			"dev": true,
			"license": "MIT",
			"dependencies": {
				"@types/unist": "^2.0.2"
			},
			"funding": {
				"type": "opencollective",
				"url": "https://opencollective.com/unified"
			}
		},
		"node_modules/@sapphire/async-queue": {
			"version": "1.3.2",
			"resolved": "https://registry.npmjs.org/@sapphire/async-queue/-/async-queue-1.3.2.tgz",
			"integrity": "sha512-rUpMLATsoAMnlN3gecAcr9Ecnw1vG7zi5Xr+IX22YzRzi1k9PF9vKzoT8RuEJbiIszjcimu3rveqUnvwDopz8g==",
			"engines": {
				"node": ">=v14.0.0",
				"npm": ">=7.0.0"
			}
		},
		"node_modules/@sapphire/shapeshift": {
			"version": "3.5.1",
			"resolved": "https://registry.npmjs.org/@sapphire/shapeshift/-/shapeshift-3.5.1.tgz",
			"integrity": "sha512-7JFsW5IglyOIUQI1eE0g6h06D/Far6HqpcowRScgCiLSqTf3hhkPWCWotVTtVycnDCMYIwPeaw6IEPBomKC8pA==",
			"dependencies": {
				"fast-deep-equal": "^3.1.3",
				"lodash.uniqwith": "^4.5.0"
			},
			"engines": {
				"node": ">=v14.0.0",
				"npm": ">=7.0.0"
			}
		},
		"node_modules/@sindresorhus/is": {
			"version": "4.6.0",
			"resolved": "https://registry.npmjs.org/@sindresorhus/is/-/is-4.6.0.tgz",
			"integrity": "sha512-t09vSN3MdfsyCHoFcTRCH/iUtG7OJ0CsjzB8cjAmKc/va/kIgeDI/TxsigdncE/4be734m0cvIYwNaV4i2XqAw==",
			"engines": {
				"node": ">=10"
			},
			"funding": {
				"url": "https://github.com/sindresorhus/is?sponsor=1"
			}
		},
		"node_modules/@types/node": {
			"version": "18.6.2",
			"resolved": "https://registry.npmjs.org/@types/node/-/node-18.6.2.tgz",
			"integrity": "sha512-KcfkBq9H4PI6Vpu5B/KoPeuVDAbmi+2mDBqGPGUgoL7yXQtcWGu2vJWmmRkneWK3Rh0nIAX192Aa87AqKHYChQ=="
		},
		"node_modules/@types/node-fetch": {
			"version": "2.6.2",
			"resolved": "https://registry.npmjs.org/@types/node-fetch/-/node-fetch-2.6.2.tgz",
			"integrity": "sha512-DHqhlq5jeESLy19TYhLakJ07kNumXWjcDdxXsLUMJZ6ue8VZJj4kLPQVE/2mdHh3xZziNF1xppu5lwmS53HR+A==",
			"dependencies": {
				"@types/node": "*",
				"form-data": "^3.0.0"
			}
		},
		"node_modules/@types/node-fetch/node_modules/form-data": {
			"version": "3.0.1",
			"resolved": "https://registry.npmjs.org/form-data/-/form-data-3.0.1.tgz",
			"integrity": "sha512-RHkBKtLWUVwd7SqRIvCZMEvAMoGUp0XU+seQiZejj0COz3RI3hWP4sCv3gZWWLjJTd7rGwcsF5eKZGii0r/hbg==",
			"dependencies": {
				"asynckit": "^0.4.0",
				"combined-stream": "^1.0.8",
				"mime-types": "^2.1.12"
			},
			"engines": {
				"node": ">= 6"
			}
		},
		"node_modules/@types/parse-json": {
			"version": "4.0.0",
			"dev": true,
			"license": "MIT"
		},
		"node_modules/@types/ws": {
			"version": "8.5.3",
			"resolved": "https://registry.npmjs.org/@types/ws/-/ws-8.5.3.tgz",
			"integrity": "sha512-6YOoWjruKj1uLf3INHH7D3qTXwFfEsg1kf3c0uDdSBJwfa/llkwIjrAGV7j7mVgGNbzTQ3HiHKKDXl6bJPD97w==",
			"dependencies": {
				"@types/node": "*"
			}
		},
		"node_modules/abbrev": {
			"version": "1.1.1",
			"dev": true,
			"license": "ISC"
		},
		"node_modules/anymatch": {
			"version": "3.1.2",
			"dev": true,
			"license": "ISC",
			"dependencies": {
				"normalize-path": "^3.0.0",
				"picomatch": "^2.0.4"
			},
			"engines": {
				"node": ">= 8"
			}
		},
		"node_modules/asynckit": {
			"version": "0.4.0",
			"license": "MIT"
		},
		"node_modules/author-regex": {
			"version": "1.0.0",
			"dev": true,
			"license": "MIT",
			"engines": {
				"node": ">=0.8"
			}
		},
		"node_modules/balanced-match": {
			"version": "1.0.2",
			"dev": true,
			"license": "MIT"
		},
		"node_modules/binary-extensions": {
			"version": "2.2.0",
			"dev": true,
			"license": "MIT",
			"engines": {
				"node": ">=8"
			}
		},
		"node_modules/brace-expansion": {
			"version": "1.1.11",
			"dev": true,
			"license": "MIT",
			"dependencies": {
				"balanced-match": "^1.0.0",
				"concat-map": "0.0.1"
			}
		},
		"node_modules/braces": {
			"version": "3.0.2",
			"dev": true,
			"license": "MIT",
			"dependencies": {
				"fill-range": "^7.0.1"
			},
			"engines": {
				"node": ">=8"
			}
		},
		"node_modules/callsites": {
			"version": "3.1.0",
			"dev": true,
			"license": "MIT",
			"engines": {
				"node": ">=6"
			}
		},
		"node_modules/chokidar": {
			"version": "3.5.2",
			"dev": true,
			"license": "MIT",
			"dependencies": {
				"anymatch": "~3.1.2",
				"braces": "~3.0.2",
				"glob-parent": "~5.1.2",
				"is-binary-path": "~2.1.0",
				"is-glob": "~4.0.1",
				"normalize-path": "~3.0.0",
				"readdirp": "~3.6.0"
			},
			"engines": {
				"node": ">= 8.10.0"
			},
			"optionalDependencies": {
				"fsevents": "~2.3.2"
			}
		},
		"node_modules/combined-stream": {
			"version": "1.0.8",
			"license": "MIT",
			"dependencies": {
				"delayed-stream": "~1.0.0"
			},
			"engines": {
				"node": ">= 0.8"
			}
		},
		"node_modules/concat-map": {
			"version": "0.0.1",
			"dev": true,
			"license": "MIT"
		},
		"node_modules/cosmiconfig": {
			"version": "7.0.1",
			"dev": true,
			"license": "MIT",
			"dependencies": {
				"@types/parse-json": "^4.0.0",
				"import-fresh": "^3.2.1",
				"parse-json": "^5.0.0",
				"path-type": "^4.0.0",
				"yaml": "^1.10.0"
			},
			"engines": {
				"node": ">=10"
			}
		},
		"node_modules/data-uri-to-buffer": {
			"version": "4.0.0",
			"license": "MIT",
			"engines": {
				"node": ">= 12"
			}
		},
		"node_modules/debug": {
			"version": "4.3.3",
			"resolved": "https://registry.npmjs.org/debug/-/debug-4.3.3.tgz",
			"integrity": "sha512-/zxw5+vh1Tfv+4Qn7a5nsbcJKPaSvCDhojn6FEl9vupwK2VCSDtEiEtqr8DFtzYFOdz63LBkxec7DYuc2jon6Q==",
			"dev": true,
			"dependencies": {
				"ms": "2.1.2"
			},
			"engines": {
				"node": ">=6.0"
			},
			"peerDependenciesMeta": {
				"supports-color": {
					"optional": true
				}
			}
		},
		"node_modules/delayed-stream": {
			"version": "1.0.0",
			"license": "MIT",
			"engines": {
				"node": ">=0.4.0"
			}
		},
		"node_modules/discord-api-types": {
			"version": "0.33.5",
			"resolved": "https://registry.npmjs.org/discord-api-types/-/discord-api-types-0.33.5.tgz",
			"integrity": "sha512-dvO5M52v7m7Dy96+XUnzXNsQ/0npsYpU6dL205kAtEDueswoz3aU3bh1UMoK4cQmcGtB1YRyLKqp+DXi05lzFg=="
		},
		"node_modules/discord.js": {
			"version": "13.8.1",
			"resolved": "https://registry.npmjs.org/discord.js/-/discord.js-13.8.1.tgz",
			"integrity": "sha512-jOsD+4tEZWWx0RHVyH+FBcqoTrsL+d5Mm5p+ULQOdU0qSaxhLNkWYig+yDHNZoND7nlkXX3qi+BW+gO5erWylg==",
			"deprecated": "no longer supported",
			"dependencies": {
				"@discordjs/builders": "^0.14.0",
				"@discordjs/collection": "^0.7.0",
				"@sapphire/async-queue": "^1.3.1",
				"@types/node-fetch": "^2.6.1",
				"@types/ws": "^8.5.3",
				"discord-api-types": "^0.33.3",
				"form-data": "^4.0.0",
				"node-fetch": "^2.6.1",
				"ws": "^8.7.0"
			},
			"engines": {
				"node": ">=16.6.0",
				"npm": ">=7.0.0"
			}
		},
		"node_modules/discord.js/node_modules/node-fetch": {
			"version": "2.6.7",
			"license": "MIT",
			"dependencies": {
				"whatwg-url": "^5.0.0"
			},
			"engines": {
				"node": "4.x || >=6.0.0"
			},
			"peerDependencies": {
				"encoding": "^0.1.0"
			},
			"peerDependenciesMeta": {
				"encoding": {
					"optional": true
				}
			}
		},
		"node_modules/dotenv": {
			"version": "16.0.1",
			"resolved": "https://registry.npmjs.org/dotenv/-/dotenv-16.0.1.tgz",
			"integrity": "sha512-1K6hR6wtk2FviQ4kEiSjFiH5rpzEVi8WW0x96aztHVMhEspNpc4DVOUTEHtEva5VThQ8IaBX1Pe4gSzpVVUsKQ==",
			"engines": {
				"node": ">=12"
			}
		},
		"node_modules/error-ex": {
			"version": "1.3.2",
			"dev": true,
			"license": "MIT",
			"dependencies": {
				"is-arrayish": "^0.2.1"
			}
		},
		"node_modules/escape-string-regexp": {
			"version": "1.0.5",
			"dev": true,
			"license": "MIT",
			"engines": {
				"node": ">=0.8.0"
			}
		},
		"node_modules/fast-deep-equal": {
			"version": "3.1.3",
			"resolved": "https://registry.npmjs.org/fast-deep-equal/-/fast-deep-equal-3.1.3.tgz",
			"integrity": "sha512-f3qQ9oQy9j2AhBe/H9VC91wLmKBCCU/gDOnKNAYG5hswO7BLKj09Hc5HYNz9cGI++xlpDCIgDaitVs03ATR84Q=="
		},
		"node_modules/fetch-blob": {
			"version": "3.1.4",
			"funding": [
				{
					"type": "github",
					"url": "https://github.com/sponsors/jimmywarting"
				},
				{
					"type": "paypal",
					"url": "https://paypal.me/jimmywarting"
				}
			],
			"license": "MIT",
			"dependencies": {
				"node-domexception": "^1.0.0",
				"web-streams-polyfill": "^3.0.3"
			},
			"engines": {
				"node": "^12.20 || >= 14.13"
			}
		},
		"node_modules/fill-range": {
			"version": "7.0.1",
			"dev": true,
			"license": "MIT",
			"dependencies": {
				"to-regex-range": "^5.0.1"
			},
			"engines": {
				"node": ">=8"
			}
		},
		"node_modules/form-data": {
			"version": "4.0.0",
			"license": "MIT",
			"dependencies": {
				"asynckit": "^0.4.0",
				"combined-stream": "^1.0.8",
				"mime-types": "^2.1.12"
			},
			"engines": {
				"node": ">= 6"
			}
		},
		"node_modules/formdata-polyfill": {
			"version": "4.0.10",
			"license": "MIT",
			"dependencies": {
				"fetch-blob": "^3.1.2"
			},
			"engines": {
				"node": ">=12.20.0"
			}
		},
		"node_modules/fs-extra": {
			"version": "10.0.0",
			"dev": true,
			"license": "MIT",
			"dependencies": {
				"graceful-fs": "^4.2.0",
				"jsonfile": "^6.0.1",
				"universalify": "^2.0.0"
			},
			"engines": {
				"node": ">=12"
			}
		},
		"node_modules/fs.realpath": {
			"version": "1.0.0",
			"dev": true,
			"license": "ISC"
		},
		"node_modules/fuse.js": {
			"version": "6.6.2",
			"resolved": "https://registry.npmjs.org/fuse.js/-/fuse.js-6.6.2.tgz",
			"integrity": "sha512-cJaJkxCCxC8qIIcPBF9yGxY0W/tVZS3uEISDxhYIdtk8OL93pe+6Zj7LjCqVV4dzbqcriOZ+kQ/NE4RXZHsIGA==",
			"engines": {
				"node": ">=10"
			}
		},
		"node_modules/glob": {
			"version": "7.2.0",
			"dev": true,
			"license": "ISC",
			"dependencies": {
				"fs.realpath": "^1.0.0",
				"inflight": "^1.0.4",
				"inherits": "2",
				"minimatch": "^3.0.4",
				"once": "^1.3.0",
				"path-is-absolute": "^1.0.0"
			},
			"engines": {
				"node": "*"
			},
			"funding": {
				"url": "https://github.com/sponsors/isaacs"
			}
		},
		"node_modules/glob-parent": {
			"version": "5.1.2",
			"dev": true,
			"license": "ISC",
			"dependencies": {
				"is-glob": "^4.0.1"
			},
			"engines": {
				"node": ">= 6"
			}
		},
		"node_modules/graceful-fs": {
			"version": "4.2.8",
			"dev": true,
			"license": "ISC"
		},
		"node_modules/has-flag": {
			"version": "3.0.0",
			"dev": true,
			"license": "MIT",
			"engines": {
				"node": ">=4"
			}
		},
		"node_modules/ignore-by-default": {
			"version": "1.0.1",
			"dev": true,
			"license": "ISC"
		},
		"node_modules/import-fresh": {
			"version": "3.3.0",
			"dev": true,
			"license": "MIT",
			"dependencies": {
				"parent-module": "^1.0.0",
				"resolve-from": "^4.0.0"
			},
			"engines": {
				"node": ">=6"
			},
			"funding": {
				"url": "https://github.com/sponsors/sindresorhus"
			}
		},
		"node_modules/inflight": {
			"version": "1.0.6",
			"dev": true,
			"license": "ISC",
			"dependencies": {
				"once": "^1.3.0",
				"wrappy": "1"
			}
		},
		"node_modules/inherits": {
			"version": "2.0.4",
			"dev": true,
			"license": "ISC"
		},
		"node_modules/is-arrayish": {
			"version": "0.2.1",
			"dev": true,
			"license": "MIT"
		},
		"node_modules/is-binary-path": {
			"version": "2.1.0",
			"dev": true,
			"license": "MIT",
			"dependencies": {
				"binary-extensions": "^2.0.0"
			},
			"engines": {
				"node": ">=8"
			}
		},
		"node_modules/is-extglob": {
			"version": "2.1.1",
			"dev": true,
			"license": "MIT",
			"engines": {
				"node": ">=0.10.0"
			}
		},
		"node_modules/is-glob": {
			"version": "4.0.3",
			"dev": true,
			"license": "MIT",
			"dependencies": {
				"is-extglob": "^2.1.1"
			},
			"engines": {
				"node": ">=0.10.0"
			}
		},
		"node_modules/is-number": {
			"version": "7.0.0",
			"dev": true,
			"license": "MIT",
			"engines": {
				"node": ">=0.12.0"
			}
		},
		"node_modules/js-tokens": {
			"version": "4.0.0",
			"dev": true,
			"license": "MIT"
		},
		"node_modules/json-parse-even-better-errors": {
			"version": "2.3.1",
			"dev": true,
			"license": "MIT"
		},
		"node_modules/jsonfile": {
			"version": "6.1.0",
			"dev": true,
			"license": "MIT",
			"dependencies": {
				"universalify": "^2.0.0"
			},
			"optionalDependencies": {
				"graceful-fs": "^4.1.6"
			}
		},
		"node_modules/lines-and-columns": {
			"version": "1.2.4",
			"dev": true,
			"license": "MIT"
		},
		"node_modules/lodash.uniqwith": {
			"version": "4.5.0",
			"resolved": "https://registry.npmjs.org/lodash.uniqwith/-/lodash.uniqwith-4.5.0.tgz",
			"integrity": "sha512-7lYL8bLopMoy4CTICbxygAUq6CdRJ36vFc80DucPueUee+d5NBRxz3FdT9Pes/HEx5mPoT9jwnsEJWz1N7uq7Q=="
		},
		"node_modules/mime-db": {
			"version": "1.51.0",
			"license": "MIT",
			"engines": {
				"node": ">= 0.6"
			}
		},
		"node_modules/mime-types": {
			"version": "2.1.34",
			"license": "MIT",
			"dependencies": {
				"mime-db": "1.51.0"
			},
			"engines": {
				"node": ">= 0.6"
			}
		},
		"node_modules/minimatch": {
			"version": "3.0.4",
			"dev": true,
			"license": "ISC",
			"dependencies": {
				"brace-expansion": "^1.1.7"
			},
			"engines": {
				"node": "*"
			}
		},
		"node_modules/ms": {
			"version": "2.1.2",
			"dev": true,
			"license": "MIT"
		},
		"node_modules/node-domexception": {
			"version": "1.0.0",
			"funding": [
				{
					"type": "github",
					"url": "https://github.com/sponsors/jimmywarting"
				},
				{
					"type": "github",
					"url": "https://paypal.me/jimmywarting"
				}
			],
			"license": "MIT",
			"engines": {
				"node": ">=10.5.0"
			}
		},
		"node_modules/node-fetch": {
			"version": "3.2.9",
			"resolved": "https://registry.npmjs.org/node-fetch/-/node-fetch-3.2.9.tgz",
			"integrity": "sha512-/2lI+DBecVvVm9tDhjziTVjo2wmTsSxSk58saUYP0P/fRJ3xxtfMDY24+CKTkfm0Dlhyn3CSXNL0SoRiCZ8Rzg==",
			"dependencies": {
				"data-uri-to-buffer": "^4.0.0",
				"fetch-blob": "^3.1.4",
				"formdata-polyfill": "^4.0.10"
			},
			"engines": {
				"node": "^12.20.0 || ^14.13.1 || >=16.0.0"
			},
			"funding": {
				"type": "opencollective",
				"url": "https://opencollective.com/node-fetch"
			}
		},
		"node_modules/nodemon": {
			"version": "2.0.19",
			"resolved": "https://registry.npmjs.org/nodemon/-/nodemon-2.0.19.tgz",
			"integrity": "sha512-4pv1f2bMDj0Eeg/MhGqxrtveeQ5/G/UVe9iO6uTZzjnRluSA4PVWf8CW99LUPwGB3eNIA7zUFoP77YuI7hOc0A==",
			"dev": true,
			"hasInstallScript": true,
			"dependencies": {
				"chokidar": "^3.5.2",
				"debug": "^3.2.7",
				"ignore-by-default": "^1.0.1",
				"minimatch": "^3.0.4",
				"pstree.remy": "^1.1.8",
				"semver": "^5.7.1",
				"simple-update-notifier": "^1.0.7",
				"supports-color": "^5.5.0",
				"touch": "^3.1.0",
				"undefsafe": "^2.0.5"
			},
			"bin": {
				"nodemon": "bin/nodemon.js"
			},
			"engines": {
				"node": ">=8.10.0"
			},
			"funding": {
				"type": "opencollective",
				"url": "https://opencollective.com/nodemon"
			}
		},
		"node_modules/nodemon/node_modules/debug": {
			"version": "3.2.7",
			"dev": true,
			"license": "MIT",
			"dependencies": {
				"ms": "^2.1.1"
			}
		},
		"node_modules/nopt": {
			"version": "1.0.10",
			"dev": true,
			"license": "MIT",
			"dependencies": {
				"abbrev": "1"
			},
			"bin": {
				"nopt": "bin/nopt.js"
			}
		},
		"node_modules/normalize-path": {
			"version": "3.0.0",
			"dev": true,
			"license": "MIT",
			"engines": {
				"node": ">=0.10.0"
			}
		},
		"node_modules/once": {
			"version": "1.4.0",
			"dev": true,
			"license": "ISC",
			"dependencies": {
				"wrappy": "1"
			}
		},
		"node_modules/parent-module": {
			"version": "1.0.1",
			"dev": true,
			"license": "MIT",
			"dependencies": {
				"callsites": "^3.0.0"
			},
			"engines": {
				"node": ">=6"
			}
		},
		"node_modules/parse-author": {
			"version": "2.0.0",
			"dev": true,
			"license": "MIT",
			"dependencies": {
				"author-regex": "^1.0.0"
			},
			"engines": {
				"node": ">=0.10.0"
			}
		},
		"node_modules/parse-json": {
			"version": "5.2.0",
			"dev": true,
			"license": "MIT",
			"dependencies": {
				"@babel/code-frame": "^7.0.0",
				"error-ex": "^1.3.1",
				"json-parse-even-better-errors": "^2.3.0",
				"lines-and-columns": "^1.1.6"
			},
			"engines": {
				"node": ">=8"
			},
			"funding": {
				"url": "https://github.com/sponsors/sindresorhus"
			}
		},
		"node_modules/path-is-absolute": {
			"version": "1.0.1",
			"dev": true,
			"license": "MIT",
			"engines": {
				"node": ">=0.10.0"
			}
		},
		"node_modules/path-type": {
			"version": "4.0.0",
			"dev": true,
			"license": "MIT",
			"engines": {
				"node": ">=8"
			}
		},
		"node_modules/picomatch": {
			"version": "2.3.1",
			"dev": true,
			"license": "MIT",
			"engines": {
				"node": ">=8.6"
			},
			"funding": {
				"url": "https://github.com/sponsors/jonschlinkert"
			}
		},
		"node_modules/prettier": {
			"version": "2.5.1",
			"dev": true,
			"license": "MIT",
			"bin": {
				"prettier": "bin-prettier.js"
			},
			"engines": {
				"node": ">=10.13.0"
			}
		},
		"node_modules/prettier-package-json": {
			"version": "2.6.0",
			"resolved": "https://registry.npmjs.org/prettier-package-json/-/prettier-package-json-2.6.0.tgz",
			"integrity": "sha512-CS7utu4Jfm6xxCrIA4zZiOtNIwZhq0EyHnK01vmliV2QRU+L6/Ywy1tB6uUpT9Lwt5qpvRMHNApa6jxoRHfafA==",
			"dev": true,
			"dependencies": {
				"commander": "^4.0.1",
				"cosmiconfig": "^7.0.0",
				"fs-extra": "^10.0.0",
				"glob": "^7.1.6",
				"minimatch": "^3.0.4",
				"parse-author": "^2.0.0",
				"sort-object-keys": "^1.1.3",
				"sort-order": "^1.0.1"
			},
			"bin": {
				"prettier-package-json": "bin/prettier-package-json"
			}
		},
		"node_modules/prettier-package-json/node_modules/commander": {
			"version": "4.1.1",
			"dev": true,
			"license": "MIT",
			"engines": {
				"node": ">= 6"
			}
		},
		"node_modules/pstree.remy": {
			"version": "1.1.8",
			"dev": true,
			"license": "MIT"
		},
		"node_modules/readdirp": {
			"version": "3.6.0",
			"dev": true,
			"license": "MIT",
			"dependencies": {
				"picomatch": "^2.2.1"
			},
			"engines": {
				"node": ">=8.10.0"
			}
		},
		"node_modules/resolve-from": {
			"version": "4.0.0",
			"dev": true,
			"license": "MIT",
			"engines": {
				"node": ">=4"
			}
		},
		"node_modules/semver": {
			"version": "5.7.1",
			"dev": true,
			"license": "ISC",
			"bin": {
				"semver": "bin/semver"
			}
		},
		"node_modules/simple-update-notifier": {
			"version": "1.0.7",
			"resolved": "https://registry.npmjs.org/simple-update-notifier/-/simple-update-notifier-1.0.7.tgz",
			"integrity": "sha512-BBKgR84BJQJm6WjWFMHgLVuo61FBDSj1z/xSFUIozqO6wO7ii0JxCqlIud7Enr/+LhlbNI0whErq96P2qHNWew==",
			"dev": true,
			"dependencies": {
				"semver": "~7.0.0"
			},
			"engines": {
				"node": ">=8.10.0"
			}
		},
		"node_modules/simple-update-notifier/node_modules/semver": {
			"version": "7.0.0",
			"resolved": "https://registry.npmjs.org/semver/-/semver-7.0.0.tgz",
			"integrity": "sha512-+GB6zVA9LWh6zovYQLALHwv5rb2PHGlJi3lfiqIHxR0uuwCgefcOJc59v9fv1w8GbStwxuuqqAjI9NMAOOgq1A==",
			"dev": true,
			"bin": {
				"semver": "bin/semver.js"
			}
		},
		"node_modules/sort-object-keys": {
			"version": "1.1.3",
			"dev": true,
			"license": "MIT"
		},
		"node_modules/sort-order": {
			"version": "1.0.1",
			"dev": true,
			"license": "MIT"
		},
		"node_modules/supports-color": {
			"version": "5.5.0",
			"dev": true,
			"license": "MIT",
			"dependencies": {
				"has-flag": "^3.0.0"
			},
			"engines": {
				"node": ">=4"
			}
		},
		"node_modules/to-regex-range": {
			"version": "5.0.1",
			"dev": true,
			"license": "MIT",
			"dependencies": {
				"is-number": "^7.0.0"
			},
			"engines": {
				"node": ">=8.0"
			}
		},
		"node_modules/touch": {
			"version": "3.1.0",
			"dev": true,
			"license": "ISC",
			"dependencies": {
				"nopt": "~1.0.10"
			},
			"bin": {
				"nodetouch": "bin/nodetouch.js"
			}
		},
		"node_modules/tr46": {
			"version": "0.0.3",
			"license": "MIT"
		},
		"node_modules/ts-mixer": {
			"version": "6.0.1",
			"resolved": "https://registry.npmjs.org/ts-mixer/-/ts-mixer-6.0.1.tgz",
			"integrity": "sha512-hvE+ZYXuINrx6Ei6D6hz+PTim0Uf++dYbK9FFifLNwQj+RwKquhQpn868yZsCtJYiclZF1u8l6WZxxKi+vv7Rg=="
		},
		"node_modules/tslib": {
			"version": "2.4.0",
			"resolved": "https://registry.npmjs.org/tslib/-/tslib-2.4.0.tgz",
			"integrity": "sha512-d6xOpEDfsi2CZVlPQzGeux8XMwLT9hssAsaPYExaQMuYskwb+x1x7J371tWlbBdWHroy99KnVB6qIkUbs5X3UQ=="
		},
		"node_modules/typescript": {
			"version": "4.7.4",
			"resolved": "https://registry.npmjs.org/typescript/-/typescript-4.7.4.tgz",
			"integrity": "sha512-C0WQT0gezHuw6AdY1M2jxUO83Rjf0HP7Sk1DtXj6j1EwkQNZrHAg2XPWlq62oqEhYvONq5pkC2Y9oPljWToLmQ==",
			"dev": true,
			"bin": {
				"tsc": "bin/tsc",
				"tsserver": "bin/tsserver"
			},
			"engines": {
				"node": ">=4.2.0"
			}
		},
		"node_modules/undefsafe": {
			"version": "2.0.5",
			"dev": true,
			"license": "MIT"
		},
		"node_modules/universalify": {
			"version": "2.0.0",
			"dev": true,
			"license": "MIT",
			"engines": {
				"node": ">= 10.0.0"
			}
		},
		"node_modules/web-streams-polyfill": {
			"version": "3.2.0",
			"license": "MIT",
			"engines": {
				"node": ">= 8"
			}
		},
		"node_modules/webidl-conversions": {
			"version": "3.0.1",
			"license": "BSD-2-Clause"
		},
		"node_modules/whatwg-url": {
			"version": "5.0.0",
			"license": "MIT",
			"dependencies": {
				"tr46": "~0.0.3",
				"webidl-conversions": "^3.0.0"
			}
		},
		"node_modules/wrappy": {
			"version": "1.0.2",
			"dev": true,
			"license": "ISC"
		},
		"node_modules/ws": {
			"version": "8.8.1",
			"resolved": "https://registry.npmjs.org/ws/-/ws-8.8.1.tgz",
			"integrity": "sha512-bGy2JzvzkPowEJV++hF07hAD6niYSr0JzBNo/J29WsB57A2r7Wlc1UFcTR9IzrPvuNVO4B8LGqF8qcpsVOhJCA==",
			"engines": {
				"node": ">=10.0.0"
			},
			"peerDependencies": {
				"bufferutil": "^4.0.1",
				"utf-8-validate": "^5.0.2"
			},
			"peerDependenciesMeta": {
				"bufferutil": {
					"optional": true
				},
				"utf-8-validate": {
					"optional": true
				}
			}
		},
		"node_modules/yaml": {
			"version": "1.10.2",
			"dev": true,
			"license": "ISC",
			"engines": {
				"node": ">= 6"
			}
		}
	},
	"dependencies": {
		"@babel/code-frame": {
			"version": "7.16.7",
			"dev": true,
			"requires": {
				"@babel/highlight": "^7.16.7"
			}
		},
		"@babel/helper-validator-identifier": {
			"version": "7.16.7",
			"dev": true
		},
		"@babel/highlight": {
			"version": "7.16.10",
			"dev": true,
			"requires": {
				"@babel/helper-validator-identifier": "^7.16.7",
				"chalk": "^2.0.0",
				"js-tokens": "^4.0.0"
			},
			"dependencies": {
				"ansi-styles": {
					"version": "3.2.1",
					"dev": true,
					"requires": {
						"color-convert": "^1.9.0"
					}
				},
				"chalk": {
					"version": "2.4.2",
					"dev": true,
					"requires": {
						"ansi-styles": "^3.2.1",
						"escape-string-regexp": "^1.0.5",
						"supports-color": "^5.3.0"
					}
				},
				"color-convert": {
					"version": "1.9.3",
					"dev": true,
					"requires": {
						"color-name": "1.1.3"
					}
				},
				"color-name": {
					"version": "1.1.3",
					"dev": true
				}
			}
		},
		"@discordjs/builders": {
			"version": "0.14.0",
			"resolved": "https://registry.npmjs.org/@discordjs/builders/-/builders-0.14.0.tgz",
			"integrity": "sha512-+fqLIqa9wN3R+kvlld8sgG0nt04BAZxdCDP4t2qZ9TJsquLWA+xMtT8Waibb3d4li4AQS+IOfjiHAznv/dhHgQ==",
			"requires": {
				"@sapphire/shapeshift": "^3.1.0",
				"@sindresorhus/is": "^4.6.0",
				"discord-api-types": "^0.33.3",
				"fast-deep-equal": "^3.1.3",
				"ts-mixer": "^6.0.1",
				"tslib": "^2.4.0"
			}
		},
		"@discordjs/collection": {
			"version": "0.7.0",
			"resolved": "https://registry.npmjs.org/@discordjs/collection/-/collection-0.7.0.tgz",
			"integrity": "sha512-R5i8Wb8kIcBAFEPLLf7LVBQKBDYUL+ekb23sOgpkpyGT+V4P7V83wTxcsqmX+PbqHt4cEHn053uMWfRqh/Z/nA=="
		},
		"@redguy12/prettier-config": {
			"version": "1.1.1",
			"dev": true,
			"requires": {
				"prettier-plugin-ini": "0.3.1",
				"prettier-plugin-jsdoc": "0.3.30"
			},
			"dependencies": {
				"@types/mdast": {
					"version": "3.0.10",
					"dev": true,
					"requires": {
						"@types/unist": "*"
					}
				},
				"@types/unist": {
					"version": "2.0.6",
					"dev": true
				},
				"binary-search-bounds": {
					"version": "2.0.5",
					"dev": true
				},
				"character-entities": {
					"version": "1.2.4",
					"dev": true
				},
				"character-entities-legacy": {
					"version": "1.1.4",
					"dev": true
				},
				"character-reference-invalid": {
					"version": "1.1.4",
					"dev": true
				},
				"comment-parser": {
					"version": "1.3.0",
					"dev": true
				},
				"is-alphabetical": {
					"version": "1.0.4",
					"dev": true
				},
				"is-alphanumerical": {
					"version": "1.0.4",
					"dev": true,
					"requires": {
						"is-alphabetical": "^1.0.0",
						"is-decimal": "^1.0.0"
					}
				},
				"is-decimal": {
					"version": "1.0.4",
					"dev": true
				},
				"is-hexadecimal": {
					"version": "1.0.4",
					"dev": true
				},
				"linguist-languages": {
					"version": "7.15.0",
					"dev": true
				},
				"mdast-util-from-markdown": {
					"version": "0.8.5",
					"dev": true,
					"requires": {
						"@types/mdast": "^3.0.0",
						"mdast-util-to-string": "^2.0.0",
						"micromark": "~2.11.0",
						"parse-entities": "^2.0.0",
						"unist-util-stringify-position": "^2.0.0"
					}
				},
				"mdast-util-to-string": {
					"version": "2.0.0",
					"dev": true
				},
				"micromark": {
					"version": "2.11.4",
					"dev": true,
					"requires": {
						"debug": "^4.0.0",
						"parse-entities": "^2.0.0"
					}
				},
				"parse-entities": {
					"version": "2.0.0",
					"dev": true,
					"requires": {
						"character-entities": "^1.0.0",
						"character-entities-legacy": "^1.0.0",
						"character-reference-invalid": "^1.0.0",
						"is-alphanumerical": "^1.0.0",
						"is-decimal": "^1.0.0",
						"is-hexadecimal": "^1.0.0"
					}
				},
				"prettier-plugin-ini": {
					"version": "0.3.1",
					"dev": true,
					"requires": {
						"prettier": ">=2.0"
					}
				},
				"prettier-plugin-jsdoc": {
					"version": "0.3.30",
					"dev": true,
					"requires": {
						"binary-search-bounds": "^2.0.5",
						"comment-parser": "^1.1.4",
						"linguist-languages": "^7.13.0",
						"mdast-util-from-markdown": "^0.8.5"
					}
				},
				"unist-util-stringify-position": {
					"version": "2.0.3",
					"dev": true,
					"requires": {
						"@types/unist": "^2.0.2"
					}
				}
			}
		},
		"@sapphire/async-queue": {
			"version": "1.3.2",
			"resolved": "https://registry.npmjs.org/@sapphire/async-queue/-/async-queue-1.3.2.tgz",
			"integrity": "sha512-rUpMLATsoAMnlN3gecAcr9Ecnw1vG7zi5Xr+IX22YzRzi1k9PF9vKzoT8RuEJbiIszjcimu3rveqUnvwDopz8g=="
		},
		"@sapphire/shapeshift": {
			"version": "3.5.1",
			"resolved": "https://registry.npmjs.org/@sapphire/shapeshift/-/shapeshift-3.5.1.tgz",
			"integrity": "sha512-7JFsW5IglyOIUQI1eE0g6h06D/Far6HqpcowRScgCiLSqTf3hhkPWCWotVTtVycnDCMYIwPeaw6IEPBomKC8pA==",
			"requires": {
				"fast-deep-equal": "^3.1.3",
				"lodash.uniqwith": "^4.5.0"
			}
		},
		"@sindresorhus/is": {
			"version": "4.6.0",
			"resolved": "https://registry.npmjs.org/@sindresorhus/is/-/is-4.6.0.tgz",
			"integrity": "sha512-t09vSN3MdfsyCHoFcTRCH/iUtG7OJ0CsjzB8cjAmKc/va/kIgeDI/TxsigdncE/4be734m0cvIYwNaV4i2XqAw=="
		},
		"@types/node": {
			"version": "18.6.2",
			"resolved": "https://registry.npmjs.org/@types/node/-/node-18.6.2.tgz",
			"integrity": "sha512-KcfkBq9H4PI6Vpu5B/KoPeuVDAbmi+2mDBqGPGUgoL7yXQtcWGu2vJWmmRkneWK3Rh0nIAX192Aa87AqKHYChQ=="
		},
		"@types/node-fetch": {
			"version": "2.6.2",
			"resolved": "https://registry.npmjs.org/@types/node-fetch/-/node-fetch-2.6.2.tgz",
			"integrity": "sha512-DHqhlq5jeESLy19TYhLakJ07kNumXWjcDdxXsLUMJZ6ue8VZJj4kLPQVE/2mdHh3xZziNF1xppu5lwmS53HR+A==",
			"requires": {
				"@types/node": "*",
				"form-data": "^3.0.0"
			},
			"dependencies": {
				"form-data": {
					"version": "3.0.1",
					"resolved": "https://registry.npmjs.org/form-data/-/form-data-3.0.1.tgz",
					"integrity": "sha512-RHkBKtLWUVwd7SqRIvCZMEvAMoGUp0XU+seQiZejj0COz3RI3hWP4sCv3gZWWLjJTd7rGwcsF5eKZGii0r/hbg==",
					"requires": {
						"asynckit": "^0.4.0",
						"combined-stream": "^1.0.8",
						"mime-types": "^2.1.12"
					}
				}
			}
		},
		"@types/parse-json": {
			"version": "4.0.0",
			"dev": true
		},
		"@types/ws": {
			"version": "8.5.3",
			"resolved": "https://registry.npmjs.org/@types/ws/-/ws-8.5.3.tgz",
			"integrity": "sha512-6YOoWjruKj1uLf3INHH7D3qTXwFfEsg1kf3c0uDdSBJwfa/llkwIjrAGV7j7mVgGNbzTQ3HiHKKDXl6bJPD97w==",
			"requires": {
				"@types/node": "*"
			}
		},
		"abbrev": {
			"version": "1.1.1",
			"dev": true
		},
		"anymatch": {
			"version": "3.1.2",
			"dev": true,
			"requires": {
				"normalize-path": "^3.0.0",
				"picomatch": "^2.0.4"
			}
		},
		"asynckit": {
			"version": "0.4.0"
		},
		"author-regex": {
			"version": "1.0.0",
			"dev": true
		},
		"balanced-match": {
			"version": "1.0.2",
			"dev": true
		},
		"binary-extensions": {
			"version": "2.2.0",
			"dev": true
		},
		"brace-expansion": {
			"version": "1.1.11",
			"dev": true,
			"requires": {
				"balanced-match": "^1.0.0",
				"concat-map": "0.0.1"
			}
		},
		"braces": {
			"version": "3.0.2",
			"dev": true,
			"requires": {
				"fill-range": "^7.0.1"
			}
		},
		"callsites": {
			"version": "3.1.0",
			"dev": true
		},
		"chokidar": {
			"version": "3.5.2",
			"dev": true,
			"requires": {
				"anymatch": "~3.1.2",
				"braces": "~3.0.2",
				"fsevents": "~2.3.2",
				"glob-parent": "~5.1.2",
				"is-binary-path": "~2.1.0",
				"is-glob": "~4.0.1",
				"normalize-path": "~3.0.0",
				"readdirp": "~3.6.0"
			}
		},
		"combined-stream": {
			"version": "1.0.8",
			"requires": {
				"delayed-stream": "~1.0.0"
			}
		},
		"concat-map": {
			"version": "0.0.1",
			"dev": true
		},
		"cosmiconfig": {
			"version": "7.0.1",
			"dev": true,
			"requires": {
				"@types/parse-json": "^4.0.0",
				"import-fresh": "^3.2.1",
				"parse-json": "^5.0.0",
				"path-type": "^4.0.0",
				"yaml": "^1.10.0"
			}
		},
		"data-uri-to-buffer": {
			"version": "4.0.0"
		},
		"debug": {
			"version": "4.3.3",
			"resolved": "https://registry.npmjs.org/debug/-/debug-4.3.3.tgz",
			"integrity": "sha512-/zxw5+vh1Tfv+4Qn7a5nsbcJKPaSvCDhojn6FEl9vupwK2VCSDtEiEtqr8DFtzYFOdz63LBkxec7DYuc2jon6Q==",
			"dev": true,
			"requires": {
				"ms": "2.1.2"
			}
		},
		"delayed-stream": {
			"version": "1.0.0"
		},
		"discord-api-types": {
			"version": "0.33.5",
			"resolved": "https://registry.npmjs.org/discord-api-types/-/discord-api-types-0.33.5.tgz",
			"integrity": "sha512-dvO5M52v7m7Dy96+XUnzXNsQ/0npsYpU6dL205kAtEDueswoz3aU3bh1UMoK4cQmcGtB1YRyLKqp+DXi05lzFg=="
		},
		"discord.js": {
			"version": "13.8.1",
			"resolved": "https://registry.npmjs.org/discord.js/-/discord.js-13.8.1.tgz",
			"integrity": "sha512-jOsD+4tEZWWx0RHVyH+FBcqoTrsL+d5Mm5p+ULQOdU0qSaxhLNkWYig+yDHNZoND7nlkXX3qi+BW+gO5erWylg==",
			"requires": {
				"@discordjs/builders": "^0.14.0",
				"@discordjs/collection": "^0.7.0",
				"@sapphire/async-queue": "^1.3.1",
				"@types/node-fetch": "^2.6.1",
				"@types/ws": "^8.5.3",
				"discord-api-types": "^0.33.3",
				"form-data": "^4.0.0",
				"node-fetch": "^2.6.1",
				"ws": "^8.7.0"
			},
			"dependencies": {
				"node-fetch": {
					"version": "2.6.7",
					"requires": {
						"whatwg-url": "^5.0.0"
					}
				}
			}
		},
		"dotenv": {
			"version": "16.0.1",
			"resolved": "https://registry.npmjs.org/dotenv/-/dotenv-16.0.1.tgz",
			"integrity": "sha512-1K6hR6wtk2FviQ4kEiSjFiH5rpzEVi8WW0x96aztHVMhEspNpc4DVOUTEHtEva5VThQ8IaBX1Pe4gSzpVVUsKQ=="
		},
		"error-ex": {
			"version": "1.3.2",
			"dev": true,
			"requires": {
				"is-arrayish": "^0.2.1"
			}
		},
		"escape-string-regexp": {
			"version": "1.0.5",
			"dev": true
		},
		"fast-deep-equal": {
			"version": "3.1.3",
			"resolved": "https://registry.npmjs.org/fast-deep-equal/-/fast-deep-equal-3.1.3.tgz",
			"integrity": "sha512-f3qQ9oQy9j2AhBe/H9VC91wLmKBCCU/gDOnKNAYG5hswO7BLKj09Hc5HYNz9cGI++xlpDCIgDaitVs03ATR84Q=="
		},
		"fetch-blob": {
			"version": "3.1.4",
			"requires": {
				"node-domexception": "^1.0.0",
				"web-streams-polyfill": "^3.0.3"
			}
		},
		"fill-range": {
			"version": "7.0.1",
			"dev": true,
			"requires": {
				"to-regex-range": "^5.0.1"
			}
		},
		"form-data": {
			"version": "4.0.0",
			"requires": {
				"asynckit": "^0.4.0",
				"combined-stream": "^1.0.8",
				"mime-types": "^2.1.12"
			}
		},
		"formdata-polyfill": {
			"version": "4.0.10",
			"requires": {
				"fetch-blob": "^3.1.2"
			}
		},
		"fs-extra": {
			"version": "10.0.0",
			"dev": true,
			"requires": {
				"graceful-fs": "^4.2.0",
				"jsonfile": "^6.0.1",
				"universalify": "^2.0.0"
			}
		},
		"fs.realpath": {
			"version": "1.0.0",
			"dev": true
		},
		"fuse.js": {
			"version": "6.6.2",
			"resolved": "https://registry.npmjs.org/fuse.js/-/fuse.js-6.6.2.tgz",
			"integrity": "sha512-cJaJkxCCxC8qIIcPBF9yGxY0W/tVZS3uEISDxhYIdtk8OL93pe+6Zj7LjCqVV4dzbqcriOZ+kQ/NE4RXZHsIGA=="
		},
		"glob": {
			"version": "7.2.0",
			"dev": true,
			"requires": {
				"fs.realpath": "^1.0.0",
				"inflight": "^1.0.4",
				"inherits": "2",
				"minimatch": "^3.0.4",
				"once": "^1.3.0",
				"path-is-absolute": "^1.0.0"
			}
		},
		"glob-parent": {
			"version": "5.1.2",
			"dev": true,
			"requires": {
				"is-glob": "^4.0.1"
			}
		},
		"graceful-fs": {
			"version": "4.2.8",
			"dev": true
		},
		"has-flag": {
			"version": "3.0.0",
			"dev": true
		},
		"ignore-by-default": {
			"version": "1.0.1",
			"dev": true
		},
		"import-fresh": {
			"version": "3.3.0",
			"dev": true,
			"requires": {
				"parent-module": "^1.0.0",
				"resolve-from": "^4.0.0"
			}
		},
		"inflight": {
			"version": "1.0.6",
			"dev": true,
			"requires": {
				"once": "^1.3.0",
				"wrappy": "1"
			}
		},
		"inherits": {
			"version": "2.0.4",
			"dev": true
		},
		"is-arrayish": {
			"version": "0.2.1",
			"dev": true
		},
		"is-binary-path": {
			"version": "2.1.0",
			"dev": true,
			"requires": {
				"binary-extensions": "^2.0.0"
			}
		},
		"is-extglob": {
			"version": "2.1.1",
			"dev": true
		},
		"is-glob": {
			"version": "4.0.3",
			"dev": true,
			"requires": {
				"is-extglob": "^2.1.1"
			}
		},
		"is-number": {
			"version": "7.0.0",
			"dev": true
		},
		"js-tokens": {
			"version": "4.0.0",
			"dev": true
		},
		"json-parse-even-better-errors": {
			"version": "2.3.1",
			"dev": true
		},
		"jsonfile": {
			"version": "6.1.0",
			"dev": true,
			"requires": {
				"graceful-fs": "^4.1.6",
				"universalify": "^2.0.0"
			}
		},
		"lines-and-columns": {
			"version": "1.2.4",
			"dev": true
		},
		"lodash.uniqwith": {
			"version": "4.5.0",
			"resolved": "https://registry.npmjs.org/lodash.uniqwith/-/lodash.uniqwith-4.5.0.tgz",
			"integrity": "sha512-7lYL8bLopMoy4CTICbxygAUq6CdRJ36vFc80DucPueUee+d5NBRxz3FdT9Pes/HEx5mPoT9jwnsEJWz1N7uq7Q=="
		},
		"mime-db": {
			"version": "1.51.0"
		},
		"mime-types": {
			"version": "2.1.34",
			"requires": {
				"mime-db": "1.51.0"
			}
		},
		"minimatch": {
			"version": "3.0.4",
			"dev": true,
			"requires": {
				"brace-expansion": "^1.1.7"
			}
		},
		"ms": {
			"version": "2.1.2",
			"dev": true
		},
		"node-domexception": {
			"version": "1.0.0"
		},
		"node-fetch": {
			"version": "3.2.9",
			"resolved": "https://registry.npmjs.org/node-fetch/-/node-fetch-3.2.9.tgz",
			"integrity": "sha512-/2lI+DBecVvVm9tDhjziTVjo2wmTsSxSk58saUYP0P/fRJ3xxtfMDY24+CKTkfm0Dlhyn3CSXNL0SoRiCZ8Rzg==",
			"requires": {
				"data-uri-to-buffer": "^4.0.0",
				"fetch-blob": "^3.1.4",
				"formdata-polyfill": "^4.0.10"
			}
		},
		"nodemon": {
			"version": "2.0.19",
			"resolved": "https://registry.npmjs.org/nodemon/-/nodemon-2.0.19.tgz",
			"integrity": "sha512-4pv1f2bMDj0Eeg/MhGqxrtveeQ5/G/UVe9iO6uTZzjnRluSA4PVWf8CW99LUPwGB3eNIA7zUFoP77YuI7hOc0A==",
			"dev": true,
			"requires": {
				"chokidar": "^3.5.2",
				"debug": "^3.2.7",
				"ignore-by-default": "^1.0.1",
				"minimatch": "^3.0.4",
				"pstree.remy": "^1.1.8",
				"semver": "^5.7.1",
				"simple-update-notifier": "^1.0.7",
				"supports-color": "^5.5.0",
				"touch": "^3.1.0",
				"undefsafe": "^2.0.5"
			},
			"dependencies": {
				"debug": {
					"version": "3.2.7",
					"dev": true,
					"requires": {
						"ms": "^2.1.1"
					}
				}
			}
		},
		"nopt": {
			"version": "1.0.10",
			"dev": true,
			"requires": {
				"abbrev": "1"
			}
		},
		"normalize-path": {
			"version": "3.0.0",
			"dev": true
		},
		"once": {
			"version": "1.4.0",
			"dev": true,
			"requires": {
				"wrappy": "1"
			}
		},
		"parent-module": {
			"version": "1.0.1",
			"dev": true,
			"requires": {
				"callsites": "^3.0.0"
			}
		},
		"parse-author": {
			"version": "2.0.0",
			"dev": true,
			"requires": {
				"author-regex": "^1.0.0"
			}
		},
		"parse-json": {
			"version": "5.2.0",
			"dev": true,
			"requires": {
				"@babel/code-frame": "^7.0.0",
				"error-ex": "^1.3.1",
				"json-parse-even-better-errors": "^2.3.0",
				"lines-and-columns": "^1.1.6"
			}
		},
		"path-is-absolute": {
			"version": "1.0.1",
			"dev": true
		},
		"path-type": {
			"version": "4.0.0",
			"dev": true
		},
		"picomatch": {
			"version": "2.3.1",
			"dev": true
		},
		"prettier": {
			"version": "2.5.1",
			"dev": true
		},
		"prettier-package-json": {
			"version": "2.6.0",
			"resolved": "https://registry.npmjs.org/prettier-package-json/-/prettier-package-json-2.6.0.tgz",
			"integrity": "sha512-CS7utu4Jfm6xxCrIA4zZiOtNIwZhq0EyHnK01vmliV2QRU+L6/Ywy1tB6uUpT9Lwt5qpvRMHNApa6jxoRHfafA==",
			"dev": true,
			"requires": {
				"commander": "^4.0.1",
				"cosmiconfig": "^7.0.0",
				"fs-extra": "^10.0.0",
				"glob": "^7.1.6",
				"minimatch": "^3.0.4",
				"parse-author": "^2.0.0",
				"sort-object-keys": "^1.1.3",
				"sort-order": "^1.0.1"
			},
			"dependencies": {
				"commander": {
					"version": "4.1.1",
					"dev": true
				}
			}
		},
		"pstree.remy": {
			"version": "1.1.8",
			"dev": true
		},
		"readdirp": {
			"version": "3.6.0",
			"dev": true,
			"requires": {
				"picomatch": "^2.2.1"
			}
		},
		"resolve-from": {
			"version": "4.0.0",
			"dev": true
		},
		"semver": {
			"version": "5.7.1",
			"dev": true
		},
		"simple-update-notifier": {
			"version": "1.0.7",
			"resolved": "https://registry.npmjs.org/simple-update-notifier/-/simple-update-notifier-1.0.7.tgz",
			"integrity": "sha512-BBKgR84BJQJm6WjWFMHgLVuo61FBDSj1z/xSFUIozqO6wO7ii0JxCqlIud7Enr/+LhlbNI0whErq96P2qHNWew==",
			"dev": true,
			"requires": {
				"semver": "~7.0.0"
			},
			"dependencies": {
				"semver": {
					"version": "7.0.0",
					"resolved": "https://registry.npmjs.org/semver/-/semver-7.0.0.tgz",
					"integrity": "sha512-+GB6zVA9LWh6zovYQLALHwv5rb2PHGlJi3lfiqIHxR0uuwCgefcOJc59v9fv1w8GbStwxuuqqAjI9NMAOOgq1A==",
					"dev": true
				}
			}
		},
		"sort-object-keys": {
			"version": "1.1.3",
			"dev": true
		},
		"sort-order": {
			"version": "1.0.1",
			"dev": true
		},
		"supports-color": {
			"version": "5.5.0",
			"dev": true,
			"requires": {
				"has-flag": "^3.0.0"
			}
		},
		"to-regex-range": {
			"version": "5.0.1",
			"dev": true,
			"requires": {
				"is-number": "^7.0.0"
			}
		},
		"touch": {
			"version": "3.1.0",
			"dev": true,
			"requires": {
				"nopt": "~1.0.10"
			}
		},
		"tr46": {
			"version": "0.0.3"
		},
		"ts-mixer": {
			"version": "6.0.1",
			"resolved": "https://registry.npmjs.org/ts-mixer/-/ts-mixer-6.0.1.tgz",
			"integrity": "sha512-hvE+ZYXuINrx6Ei6D6hz+PTim0Uf++dYbK9FFifLNwQj+RwKquhQpn868yZsCtJYiclZF1u8l6WZxxKi+vv7Rg=="
		},
		"tslib": {
			"version": "2.4.0",
			"resolved": "https://registry.npmjs.org/tslib/-/tslib-2.4.0.tgz",
			"integrity": "sha512-d6xOpEDfsi2CZVlPQzGeux8XMwLT9hssAsaPYExaQMuYskwb+x1x7J371tWlbBdWHroy99KnVB6qIkUbs5X3UQ=="
		},
		"typescript": {
			"version": "4.7.4",
			"resolved": "https://registry.npmjs.org/typescript/-/typescript-4.7.4.tgz",
			"integrity": "sha512-C0WQT0gezHuw6AdY1M2jxUO83Rjf0HP7Sk1DtXj6j1EwkQNZrHAg2XPWlq62oqEhYvONq5pkC2Y9oPljWToLmQ==",
			"dev": true
		},
		"undefsafe": {
			"version": "2.0.5",
			"dev": true
		},
		"universalify": {
			"version": "2.0.0",
			"dev": true
		},
		"web-streams-polyfill": {
			"version": "3.2.0"
		},
		"webidl-conversions": {
			"version": "3.0.1"
		},
		"whatwg-url": {
			"version": "5.0.0",
			"requires": {
				"tr46": "~0.0.3",
				"webidl-conversions": "^3.0.0"
			}
		},
		"wrappy": {
			"version": "1.0.2",
			"dev": true
		},
		"ws": {
			"version": "8.8.1",
			"resolved": "https://registry.npmjs.org/ws/-/ws-8.8.1.tgz",
			"integrity": "sha512-bGy2JzvzkPowEJV++hF07hAD6niYSr0JzBNo/J29WsB57A2r7Wlc1UFcTR9IzrPvuNVO4B8LGqF8qcpsVOhJCA==",
			"requires": {}
		},
		"yaml": {
			"version": "1.10.2",
			"dev": true
		}
	}
}
